
Microsoft Visual Studio Solution File, Format Version 12.00
# Visual Studio Version 16
VisualStudioVersion = 16.0.31729.503
MinimumVisualStudioVersion = 10.0.40219.1
Project("{FAE04EC0-301F-11D3-BF4B-00C04F79EFBC}") = "Project 09", "Project 09.csproj", "{FD813F43-75D0-4A98-A257-8E9245E2FDED}"
EndProject
Global
	GlobalSection(SolutionConfigurationPlatforms) = preSolution
		Debug|Any CPU = Debug|Any CPU
		Release|Any CPU = Release|Any CPU
	EndGlobalSection
	GlobalSection(ProjectConfigurationPlatforms) = postSolution
		{FD813F43-75D0-4A98-A257-8E9245E2FDED}.Debug|Any CPU.ActiveCfg = Debug|Any CPU
		{FD813F43-75D0-4A98-A257-8E9245E2FDED}.Debug|Any CPU.Build.0 = Debug|Any CPU
		{FD813F43-75D0-4A98-A257-8E9245E2FDED}.Release|Any CPU.ActiveCfg = Release|Any CPU
		{FD813F43-75D0-4A98-A257-8E9245E2FDED}.Release|Any CPU.Build.0 = Release|Any CPU
	EndGlobalSection
	GlobalSection(SolutionProperties) = preSolution
		HideSolutionNode = FALSE
	EndGlobalSection
	GlobalSection(ExtensibilityGlobals) = postSolution
		SolutionGuid = {15520638-B83F-4C08-9879-C998F1D38238}
	EndGlobalSection
EndGlobal
