
Microsoft Visual Studio Solution File, Format Version 12.00
# Visual Studio Version 16
VisualStudioVersion = 16.0.31729.503
MinimumVisualStudioVersion = 10.0.40219.1
Project("{FAE04EC0-301F-11D3-BF4B-00C04F79EFBC}") = "Project 06", "Project 06.csproj", "{11E3D3A4-6700-4641-A226-3E397164CB0C}"
EndProject
Global
	GlobalSection(SolutionConfigurationPlatforms) = preSolution
		Debug|Any CPU = Debug|Any CPU
		Release|Any CPU = Release|Any CPU
	EndGlobalSection
	GlobalSection(ProjectConfigurationPlatforms) = postSolution
		{11E3D3A4-6700-4641-A226-3E397164CB0C}.Debug|Any CPU.ActiveCfg = Debug|Any CPU
		{11E3D3A4-6700-4641-A226-3E397164CB0C}.Debug|Any CPU.Build.0 = Debug|Any CPU
		{11E3D3A4-6700-4641-A226-3E397164CB0C}.Release|Any CPU.ActiveCfg = Release|Any CPU
		{11E3D3A4-6700-4641-A226-3E397164CB0C}.Release|Any CPU.Build.0 = Release|Any CPU
	EndGlobalSection
	GlobalSection(SolutionProperties) = preSolution
		HideSolutionNode = FALSE
	EndGlobalSection
	GlobalSection(ExtensibilityGlobals) = postSolution
		SolutionGuid = {A6C17E32-6C2C-4A52-B08F-16DF3C5E507B}
	EndGlobalSection
EndGlobal
